
Microsoft Visual Studio Solution File, Format Version 12.00
# Visual Studio Version 16
VisualStudioVersion = 16.0.30907.101
MinimumVisualStudioVersion = 10.0.40219.1
Project("{FAE04EC0-301F-11D3-BF4B-00C04F79EFBC}") = "TransportFEApplication", "TransportFEApplication\TransportFEApplication.csproj", "{C72406D2-123E-495B-9ED7-9BCDD6A33C6F}"
EndProject
Project("{FAE04EC0-301F-11D3-BF4B-00C04F79EFBC}") = "TransportDALLibrary", "TransportDALLibrary\TransportDALLibrary.csproj", "{30FF39A7-AAC2-4BAA-BD59-0A70F991595E}"
EndProject
Project("{FAE04EC0-301F-11D3-BF4B-00C04F79EFBC}") = "TransportBLLibrary", "TransportBLLibrary\TransportBLLibrary.csproj", "{89791A13-2BA7-4A3D-9FB5-06EBA3AA9D3E}"
EndProject
Global
	GlobalSection(SolutionConfigurationPlatforms) = preSolution
		Debug|Any CPU = Debug|Any CPU
		Release|Any CPU = Release|Any CPU
	EndGlobalSection
	GlobalSection(ProjectConfigurationPlatforms) = postSolution
		{C72406D2-123E-495B-9ED7-9BCDD6A33C6F}.Debug|Any CPU.ActiveCfg = Debug|Any CPU
		{C72406D2-123E-495B-9ED7-9BCDD6A33C6F}.Debug|Any CPU.Build.0 = Debug|Any CPU
		{C72406D2-123E-495B-9ED7-9BCDD6A33C6F}.Release|Any CPU.ActiveCfg = Release|Any CPU
		{C72406D2-123E-495B-9ED7-9BCDD6A33C6F}.Release|Any CPU.Build.0 = Release|Any CPU
		{30FF39A7-AAC2-4BAA-BD59-0A70F991595E}.Debug|Any CPU.ActiveCfg = Debug|Any CPU
		{30FF39A7-AAC2-4BAA-BD59-0A70F991595E}.Debug|Any CPU.Build.0 = Debug|Any CPU
		{30FF39A7-AAC2-4BAA-BD59-0A70F991595E}.Release|Any CPU.ActiveCfg = Release|Any CPU
		{30FF39A7-AAC2-4BAA-BD59-0A70F991595E}.Release|Any CPU.Build.0 = Release|Any CPU
		{89791A13-2BA7-4A3D-9FB5-06EBA3AA9D3E}.Debug|Any CPU.ActiveCfg = Debug|Any CPU
		{89791A13-2BA7-4A3D-9FB5-06EBA3AA9D3E}.Debug|Any CPU.Build.0 = Debug|Any CPU
		{89791A13-2BA7-4A3D-9FB5-06EBA3AA9D3E}.Release|Any CPU.ActiveCfg = Release|Any CPU
		{89791A13-2BA7-4A3D-9FB5-06EBA3AA9D3E}.Release|Any CPU.Build.0 = Release|Any CPU
	EndGlobalSection
	GlobalSection(SolutionProperties) = preSolution
		HideSolutionNode = FALSE
	EndGlobalSection
	GlobalSection(ExtensibilityGlobals) = postSolution
		SolutionGuid = {0FA5BDA6-7D30-4446-AE0C-183B1C196888}
	EndGlobalSection
EndGlobal
